
Microsoft Visual Studio Solution File, Format Version 12.00
# Visual Studio Version 17
VisualStudioVersion = 17.1.32414.318
MinimumVisualStudioVersion = 10.0.40219.1
Project("{FAE04EC0-301F-11D3-BF4B-00C04F79EFBC}") = "Task-8", "Task-8.csproj", "{F2829B5C-D34E-4F63-9473-56F5D2C66BC0}"
EndProject
Global
	GlobalSection(SolutionConfigurationPlatforms) = preSolution
		Debug|Any CPU = Debug|Any CPU
		Release|Any CPU = Release|Any CPU
	EndGlobalSection
	GlobalSection(ProjectConfigurationPlatforms) = postSolution
		{F2829B5C-D34E-4F63-9473-56F5D2C66BC0}.Debug|Any CPU.ActiveCfg = Debug|Any CPU
		{F2829B5C-D34E-4F63-9473-56F5D2C66BC0}.Debug|Any CPU.Build.0 = Debug|Any CPU
		{F2829B5C-D34E-4F63-9473-56F5D2C66BC0}.Release|Any CPU.ActiveCfg = Release|Any CPU
		{F2829B5C-D34E-4F63-9473-56F5D2C66BC0}.Release|Any CPU.Build.0 = Release|Any CPU
	EndGlobalSection
	GlobalSection(SolutionProperties) = preSolution
		HideSolutionNode = FALSE
	EndGlobalSection
	GlobalSection(ExtensibilityGlobals) = postSolution
		SolutionGuid = {C319586B-74EB-4637-9639-1F06DEAE1A7F}
	EndGlobalSection
EndGlobal
